
Microsoft Visual Studio Solution File, Format Version 12.00
# Visual Studio Version 16
VisualStudioVersion = 16.0.31205.134
MinimumVisualStudioVersion = 10.0.40219.1
Project("{FAE04EC0-301F-11D3-BF4B-00C04F79EFBC}") = "ConsoleCalculator", "ConsoleCalculator\ConsoleCalculator.csproj", "{0D472C57-F094-4D80-9832-D139440CE572}"
EndProject
Global
	GlobalSection(SolutionConfigurationPlatforms) = preSolution
		Debug|Any CPU = Debug|Any CPU
		Release|Any CPU = Release|Any CPU
	EndGlobalSection
	GlobalSection(ProjectConfigurationPlatforms) = postSolution
		{0D472C57-F094-4D80-9832-D139440CE572}.Debug|Any CPU.ActiveCfg = Debug|Any CPU
		{0D472C57-F094-4D80-9832-D139440CE572}.Debug|Any CPU.Build.0 = Debug|Any CPU
		{0D472C57-F094-4D80-9832-D139440CE572}.Release|Any CPU.ActiveCfg = Release|Any CPU
		{0D472C57-F094-4D80-9832-D139440CE572}.Release|Any CPU.Build.0 = Release|Any CPU
	EndGlobalSection
	GlobalSection(SolutionProperties) = preSolution
		HideSolutionNode = FALSE
	EndGlobalSection
	GlobalSection(ExtensibilityGlobals) = postSolution
		SolutionGuid = {EF5F61EC-C0D8-4747-A4C7-B2A72FADE4FF}
	EndGlobalSection
EndGlobal
